
Microsoft Visual Studio Solution File, Format Version 12.00
# Visual Studio 14
VisualStudioVersion = 14.0.25420.1
MinimumVisualStudioVersion = 10.0.40219.1
Project("{2150E333-8FDC-42A3-9474-1A3956D46DE8}") = "Web", "Web", "{6D00646B-5088-45D3-B823-7051F5225A09}"
EndProject
Project("{2150E333-8FDC-42A3-9474-1A3956D46DE8}") = "Job", "Job", "{08CCA7D2-2C7F-4499-B037-E343E86396A1}"
EndProject
Project("{2150E333-8FDC-42A3-9474-1A3956D46DE8}") = "Data", "Data", "{F0B499C1-0347-4130-893E-DDF976BCD5A2}"
EndProject
Project("{FAE04EC0-301F-11D3-BF4B-00C04F79EFBC}") = "Crawer", "Crawer\Crawer.csproj", "{43A65528-301B-4FA1-853D-91A9CCEBE7D7}"
EndProject
Project("{2150E333-8FDC-42A3-9474-1A3956D46DE8}") = "Framework", "Framework", "{C8A5E8B6-F3E7-4A6C-9C28-C92ABEDD546A}"
EndProject
Project("{FAE04EC0-301F-11D3-BF4B-00C04F79EFBC}") = "Lib", "Lib\Lib.csproj", "{548138FB-44E8-499C-86E6-0D000A4B9E93}"
EndProject
Project("{FAE04EC0-301F-11D3-BF4B-00C04F79EFBC}") = "Entity", "Entity\Entity.csproj", "{1EF6ED4D-A20C-46BE-9734-7C704E78C9A1}"
EndProject
Project("{FAE04EC0-301F-11D3-BF4B-00C04F79EFBC}") = "Enum", "Enum\Enum.csproj", "{658E8EB6-B7CE-4446-8244-4EB62D76BF6B}"
EndProject
Project("{FAE04EC0-301F-11D3-BF4B-00C04F79EFBC}") = "ExcelModel", "ExcelModel\ExcelModel.csproj", "{B15D2120-8DF8-4732-B62C-39698405562F}"
EndProject
Project("{FAE04EC0-301F-11D3-BF4B-00C04F79EFBC}") = "ApiModel", "ApiModel\ApiModel.csproj", "{C35557D5-1B0E-41FC-AA60-CDA5BF035A40}"
EndProject
Project("{FAE04EC0-301F-11D3-BF4B-00C04F79EFBC}") = "JSModel", "JSModel\JSModel.csproj", "{77CA61D5-347A-4C43-8E4F-62B714D6D9DB}"
EndProject
Project("{FAE04EC0-301F-11D3-BF4B-00C04F79EFBC}") = "UFileSDK", "UFileSDK\UFileSDK.csproj", "{2F0D381B-C0C8-4DA5-84C5-176F58C885C7}"
EndProject
Project("{FAE04EC0-301F-11D3-BF4B-00C04F79EFBC}") = "Framework.Common", "Framework.Common\Framework.Common.csproj", "{C5A083FB-3BA2-4E32-86A4-BC3E6C2DE116}"
EndProject
Project("{2150E333-8FDC-42A3-9474-1A3956D46DE8}") = "单元测试", "单元测试", "{7C0D063C-463C-4B55-AED1-6F9F599AD909}"
EndProject
Project("{FAE04EC0-301F-11D3-BF4B-00C04F79EFBC}") = "UnitTest", "UnitTest\UnitTest.csproj", "{1909DE85-EA45-4CED-A553-F315ACB6D795}"
EndProject
Global
	GlobalSection(SolutionConfigurationPlatforms) = preSolution
		Debug|Any CPU = Debug|Any CPU
		Release|Any CPU = Release|Any CPU
	EndGlobalSection
	GlobalSection(ProjectConfigurationPlatforms) = postSolution
		{43A65528-301B-4FA1-853D-91A9CCEBE7D7}.Debug|Any CPU.ActiveCfg = Debug|Any CPU
		{43A65528-301B-4FA1-853D-91A9CCEBE7D7}.Debug|Any CPU.Build.0 = Debug|Any CPU
		{43A65528-301B-4FA1-853D-91A9CCEBE7D7}.Release|Any CPU.ActiveCfg = Release|Any CPU
		{43A65528-301B-4FA1-853D-91A9CCEBE7D7}.Release|Any CPU.Build.0 = Release|Any CPU
		{548138FB-44E8-499C-86E6-0D000A4B9E93}.Debug|Any CPU.ActiveCfg = Debug|Any CPU
		{548138FB-44E8-499C-86E6-0D000A4B9E93}.Debug|Any CPU.Build.0 = Debug|Any CPU
		{548138FB-44E8-499C-86E6-0D000A4B9E93}.Release|Any CPU.ActiveCfg = Release|Any CPU
		{548138FB-44E8-499C-86E6-0D000A4B9E93}.Release|Any CPU.Build.0 = Release|Any CPU
		{1EF6ED4D-A20C-46BE-9734-7C704E78C9A1}.Debug|Any CPU.ActiveCfg = Debug|Any CPU
		{1EF6ED4D-A20C-46BE-9734-7C704E78C9A1}.Debug|Any CPU.Build.0 = Debug|Any CPU
		{1EF6ED4D-A20C-46BE-9734-7C704E78C9A1}.Release|Any CPU.ActiveCfg = Release|Any CPU
		{1EF6ED4D-A20C-46BE-9734-7C704E78C9A1}.Release|Any CPU.Build.0 = Release|Any CPU
		{658E8EB6-B7CE-4446-8244-4EB62D76BF6B}.Debug|Any CPU.ActiveCfg = Debug|Any CPU
		{658E8EB6-B7CE-4446-8244-4EB62D76BF6B}.Debug|Any CPU.Build.0 = Debug|Any CPU
		{658E8EB6-B7CE-4446-8244-4EB62D76BF6B}.Release|Any CPU.ActiveCfg = Release|Any CPU
		{658E8EB6-B7CE-4446-8244-4EB62D76BF6B}.Release|Any CPU.Build.0 = Release|Any CPU
		{B15D2120-8DF8-4732-B62C-39698405562F}.Debug|Any CPU.ActiveCfg = Debug|Any CPU
		{B15D2120-8DF8-4732-B62C-39698405562F}.Debug|Any CPU.Build.0 = Debug|Any CPU
		{B15D2120-8DF8-4732-B62C-39698405562F}.Release|Any CPU.ActiveCfg = Release|Any CPU
		{B15D2120-8DF8-4732-B62C-39698405562F}.Release|Any CPU.Build.0 = Release|Any CPU
		{C35557D5-1B0E-41FC-AA60-CDA5BF035A40}.Debug|Any CPU.ActiveCfg = Debug|Any CPU
		{C35557D5-1B0E-41FC-AA60-CDA5BF035A40}.Debug|Any CPU.Build.0 = Debug|Any CPU
		{C35557D5-1B0E-41FC-AA60-CDA5BF035A40}.Release|Any CPU.ActiveCfg = Release|Any CPU
		{C35557D5-1B0E-41FC-AA60-CDA5BF035A40}.Release|Any CPU.Build.0 = Release|Any CPU
		{77CA61D5-347A-4C43-8E4F-62B714D6D9DB}.Debug|Any CPU.ActiveCfg = Debug|Any CPU
		{77CA61D5-347A-4C43-8E4F-62B714D6D9DB}.Debug|Any CPU.Build.0 = Debug|Any CPU
		{77CA61D5-347A-4C43-8E4F-62B714D6D9DB}.Release|Any CPU.ActiveCfg = Release|Any CPU
		{77CA61D5-347A-4C43-8E4F-62B714D6D9DB}.Release|Any CPU.Build.0 = Release|Any CPU
		{2F0D381B-C0C8-4DA5-84C5-176F58C885C7}.Debug|Any CPU.ActiveCfg = Debug|Any CPU
		{2F0D381B-C0C8-4DA5-84C5-176F58C885C7}.Debug|Any CPU.Build.0 = Debug|Any CPU
		{2F0D381B-C0C8-4DA5-84C5-176F58C885C7}.Release|Any CPU.ActiveCfg = Release|Any CPU
		{2F0D381B-C0C8-4DA5-84C5-176F58C885C7}.Release|Any CPU.Build.0 = Release|Any CPU
		{C5A083FB-3BA2-4E32-86A4-BC3E6C2DE116}.Debug|Any CPU.ActiveCfg = Debug|Any CPU
		{C5A083FB-3BA2-4E32-86A4-BC3E6C2DE116}.Debug|Any CPU.Build.0 = Debug|Any CPU
		{C5A083FB-3BA2-4E32-86A4-BC3E6C2DE116}.Release|Any CPU.ActiveCfg = Release|Any CPU
		{C5A083FB-3BA2-4E32-86A4-BC3E6C2DE116}.Release|Any CPU.Build.0 = Release|Any CPU
		{1909DE85-EA45-4CED-A553-F315ACB6D795}.Debug|Any CPU.ActiveCfg = Debug|Any CPU
		{1909DE85-EA45-4CED-A553-F315ACB6D795}.Debug|Any CPU.Build.0 = Debug|Any CPU
		{1909DE85-EA45-4CED-A553-F315ACB6D795}.Release|Any CPU.ActiveCfg = Release|Any CPU
		{1909DE85-EA45-4CED-A553-F315ACB6D795}.Release|Any CPU.Build.0 = Release|Any CPU
	EndGlobalSection
	GlobalSection(SolutionProperties) = preSolution
		HideSolutionNode = FALSE
	EndGlobalSection
	GlobalSection(NestedProjects) = preSolution
		{43A65528-301B-4FA1-853D-91A9CCEBE7D7} = {08CCA7D2-2C7F-4499-B037-E343E86396A1}
		{548138FB-44E8-499C-86E6-0D000A4B9E93} = {C8A5E8B6-F3E7-4A6C-9C28-C92ABEDD546A}
		{1EF6ED4D-A20C-46BE-9734-7C704E78C9A1} = {F0B499C1-0347-4130-893E-DDF976BCD5A2}
		{658E8EB6-B7CE-4446-8244-4EB62D76BF6B} = {F0B499C1-0347-4130-893E-DDF976BCD5A2}
		{B15D2120-8DF8-4732-B62C-39698405562F} = {F0B499C1-0347-4130-893E-DDF976BCD5A2}
		{C35557D5-1B0E-41FC-AA60-CDA5BF035A40} = {F0B499C1-0347-4130-893E-DDF976BCD5A2}
		{77CA61D5-347A-4C43-8E4F-62B714D6D9DB} = {F0B499C1-0347-4130-893E-DDF976BCD5A2}
		{2F0D381B-C0C8-4DA5-84C5-176F58C885C7} = {C8A5E8B6-F3E7-4A6C-9C28-C92ABEDD546A}
		{C5A083FB-3BA2-4E32-86A4-BC3E6C2DE116} = {C8A5E8B6-F3E7-4A6C-9C28-C92ABEDD546A}
		{1909DE85-EA45-4CED-A553-F315ACB6D795} = {7C0D063C-463C-4B55-AED1-6F9F599AD909}
	EndGlobalSection
EndGlobal
